{
  "name": "nodejs-prisma",
  "version": "1.0.0",
  "lockfileVersion": 2,
  "requires": true,
  "packages": {
    "": {
      "version": "1.0.0",
      "license": "MIT",
      "devDependencies": {
        "prisma": "^2.24.1"
      }
    },
    "node_modules/@prisma/engines": {
      "version": "2.24.1-2.18095475d5ee64536e2f93995e48ad800737a9e4",
      "resolved": "https://registry.npmjs.org/@prisma/engines/-/engines-2.24.1-2.18095475d5ee64536e2f93995e48ad800737a9e4.tgz",
      "integrity": "sha512-29/xO9kqeQka+wN5Ev10l5L4XQXNVXdPToJs1M29VZ2imQsNsL4rtz26m3qGM54IoGWwwfTVdvuVRxKnDl2rig==",
      "dev": true,
      "hasInstallScript": true
    },
    "node_modules/prisma": {
      "version": "2.24.1",
      "resolved": "https://registry.npmjs.org/prisma/-/prisma-2.24.1.tgz",
      "integrity": "sha512-L+ykMpttbWzpTNsy+PPynnEX/mS1s5zs49euXBrMjxXh1M6/f9MYlTNAj+iP90O9ZSaURSpNa+1jzatPghqUcQ==",
      "dev": true,
      "hasInstallScript": true,
      "dependencies": {
        "@prisma/engines": "2.24.1-2.18095475d5ee64536e2f93995e48ad800737a9e4"
      },
      "bin": {
        "prisma": "build/index.js",
        "prisma2": "build/index.js"
      },
      "engines": {
        "node": ">=10.4"
      }
    }
  },
  "dependencies": {
    "@prisma/engines": {
      "version": "2.24.1-2.18095475d5ee64536e2f93995e48ad800737a9e4",
      "resolved": "https://registry.npmjs.org/@prisma/engines/-/engines-2.24.1-2.18095475d5ee64536e2f93995e48ad800737a9e4.tgz",
      "integrity": "sha512-29/xO9kqeQka+wN5Ev10l5L4XQXNVXdPToJs1M29VZ2imQsNsL4rtz26m3qGM54IoGWwwfTVdvuVRxKnDl2rig==",
      "dev": true
    },
    "prisma": {
      "version": "2.24.1",
      "resolved": "https://registry.npmjs.org/prisma/-/prisma-2.24.1.tgz",
      "integrity": "sha512-L+ykMpttbWzpTNsy+PPynnEX/mS1s5zs49euXBrMjxXh1M6/f9MYlTNAj+iP90O9ZSaURSpNa+1jzatPghqUcQ==",
      "dev": true,
      "requires": {
        "@prisma/engines": "2.24.1-2.18095475d5ee64536e2f93995e48ad800737a9e4"
      }
    }
  }
}
